// !$*UTF8*$!
{
	archiveVersion = 1;
	classes = {
	};
	objectVersion = 52;
	objects = {

/* Begin PBXBuildFile section */
		1893B855238F179C008D2B35 /* SwiftToolsSupport-auto in Frameworks */ = {isa = PBXBuildFile; productRef = 1893B854238F179C008D2B35 /* SwiftToolsSupport-auto */; };
		1893B86123902D20008D2B35 /* HMS2Seconds.swift in Sources */ = {isa = PBXBuildFile; fileRef = 1893B86023902D20008D2B35 /* HMS2Seconds.swift */; };
		18CEC72B238EBF9A00614366 /* main.swift in Sources */ = {isa = PBXBuildFile; fileRef = 18CEC72A238EBF9A00614366 /* main.swift */; };
		18CEC735238EC2B400614366 /* TSCArgumentParser.swift in Sources */ = {isa = PBXBuildFile; fileRef = 18CEC734238EC2B400614366 /* TSCArgumentParser.swift */; };
/* End PBXBuildFile section */

/* Begin PBXCopyFilesBuildPhase section */
		1893B852238F1654008D2B35 /* Embed Frameworks */ = {
			isa = PBXCopyFilesBuildPhase;
			buildActionMask = 2147483647;
			dstPath = "";
			dstSubfolderSpec = 10;
			files = (
			);
			name = "Embed Frameworks";
			runOnlyForDeploymentPostprocessing = 0;
		};
		18CEC725238EBF9A00614366 /* CopyFiles */ = {
			isa = PBXCopyFilesBuildPhase;
			buildActionMask = 2147483647;
			dstPath = /usr/share/man/man1/;
			dstSubfolderSpec = 0;
			files = (
			);
			runOnlyForDeploymentPostprocessing = 1;
		};
/* End PBXCopyFilesBuildPhase section */

/* Begin PBXFileReference section */
		1893B8572390299A008D2B35 /* LICENSE */ = {isa = PBXFileReference; fileEncoding = 4; lastKnownFileType = text; path = LICENSE; sourceTree = "<group>"; };
		1893B858239029A4008D2B35 /* CHANGELOG.md */ = {isa = PBXFileReference; fileEncoding = 4; lastKnownFileType = net.daringfireball.markdown; path = CHANGELOG.md; sourceTree = "<group>"; };
		1893B85923902BC7008D2B35 /* .travis.yml */ = {isa = PBXFileReference; fileEncoding = 4; lastKnownFileType = text.yaml; path = .travis.yml; sourceTree = "<group>"; };
		1893B85A23902BC8008D2B35 /* .slather.yml */ = {isa = PBXFileReference; fileEncoding = 4; lastKnownFileType = text.yaml; path = .slather.yml; sourceTree = "<group>"; };
		1893B85B23902BC8008D2B35 /* .jazzy.yaml */ = {isa = PBXFileReference; fileEncoding = 4; lastKnownFileType = text.yaml; path = .jazzy.yaml; sourceTree = "<group>"; };
		1893B85C23902BC8008D2B35 /* .swiftlint.yml */ = {isa = PBXFileReference; fileEncoding = 4; lastKnownFileType = text.yaml; path = .swiftlint.yml; sourceTree = "<group>"; };
		1893B85D23902BC8008D2B35 /* .swift-version */ = {isa = PBXFileReference; fileEncoding = 4; lastKnownFileType = text; path = ".swift-version"; sourceTree = "<group>"; };
		1893B85E23902BC8008D2B35 /* .gitignore */ = {isa = PBXFileReference; fileEncoding = 4; lastKnownFileType = text; path = .gitignore; sourceTree = "<group>"; };
		1893B86023902D20008D2B35 /* HMS2Seconds.swift */ = {isa = PBXFileReference; lastKnownFileType = sourcecode.swift; path = HMS2Seconds.swift; sourceTree = "<group>"; };
		1893B86423903060008D2B35 /* README.md */ = {isa = PBXFileReference; fileEncoding = 4; lastKnownFileType = net.daringfireball.markdown; path = README.md; sourceTree = "<group>"; };
		18CEC727238EBF9A00614366 /* hms-seconds */ = {isa = PBXFileReference; explicitFileType = "compiled.mach-o.executable"; includeInIndex = 0; path = "hms-seconds"; sourceTree = BUILT_PRODUCTS_DIR; };
		18CEC72A238EBF9A00614366 /* main.swift */ = {isa = PBXFileReference; lastKnownFileType = sourcecode.swift; path = main.swift; sourceTree = "<group>"; };
		18CEC734238EC2B400614366 /* TSCArgumentParser.swift */ = {isa = PBXFileReference; lastKnownFileType = sourcecode.swift; path = TSCArgumentParser.swift; sourceTree = "<group>"; };
/* End PBXFileReference section */

/* Begin PBXFrameworksBuildPhase section */
		18CEC724238EBF9A00614366 /* Frameworks */ = {
			isa = PBXFrameworksBuildPhase;
			buildActionMask = 2147483647;
			files = (
				1893B855238F179C008D2B35 /* SwiftToolsSupport-auto in Frameworks */,
			);
			runOnlyForDeploymentPostprocessing = 0;
		};
/* End PBXFrameworksBuildPhase section */

/* Begin PBXGroup section */
		1893B86223902EB2008D2B35 /* Other files */ = {
			isa = PBXGroup;
			children = (
				1893B85B23902BC8008D2B35 /* .jazzy.yaml */,
				1893B85A23902BC8008D2B35 /* .slather.yml */,
				1893B85D23902BC8008D2B35 /* .swift-version */,
				1893B85C23902BC8008D2B35 /* .swiftlint.yml */,
				1893B85923902BC7008D2B35 /* .travis.yml */,
				1893B8572390299A008D2B35 /* LICENSE */,
				1893B858239029A4008D2B35 /* CHANGELOG.md */,
			);
			name = "Other files";
			sourceTree = "<group>";
		};
		18CEC71E238EBF9A00614366 = {
			isa = PBXGroup;
			children = (
				1893B86423903060008D2B35 /* README.md */,
				1893B85E23902BC8008D2B35 /* .gitignore */,
				18CEC729238EBF9A00614366 /* hms-seconds */,
				18CEC728238EBF9A00614366 /* Products */,
			);
			sourceTree = "<group>";
		};
		18CEC728238EBF9A00614366 /* Products */ = {
			isa = PBXGroup;
			children = (
				18CEC727238EBF9A00614366 /* hms-seconds */,
			);
			name = Products;
			sourceTree = "<group>";
		};
		18CEC729238EBF9A00614366 /* hms-seconds */ = {
			isa = PBXGroup;
			children = (
				1893B86223902EB2008D2B35 /* Other files */,
				18CEC72A238EBF9A00614366 /* main.swift */,
				18CEC734238EC2B400614366 /* TSCArgumentParser.swift */,
				1893B86023902D20008D2B35 /* HMS2Seconds.swift */,
			);
			path = "hms-seconds";
			sourceTree = "<group>";
		};
/* End PBXGroup section */

/* Begin PBXNativeTarget section */
		18CEC726238EBF9A00614366 /* hms-seconds */ = {
			isa = PBXNativeTarget;
			buildConfigurationList = 18CEC72E238EBF9A00614366 /* Build configuration list for PBXNativeTarget "hms-seconds" */;
			buildPhases = (
				1893B86523903349008D2B35 /* SwiftLint */,
				18CEC723238EBF9A00614366 /* Sources */,
				18CEC724238EBF9A00614366 /* Frameworks */,
				18CEC725238EBF9A00614366 /* CopyFiles */,
				1893B852238F1654008D2B35 /* Embed Frameworks */,
			);
			buildRules = (
			);
			dependencies = (
			);
			name = "hms-seconds";
			packageProductDependencies = (
				1893B854238F179C008D2B35 /* SwiftToolsSupport-auto */,
			);
			productName = "hms-seconds";
			productReference = 18CEC727238EBF9A00614366 /* hms-seconds */;
			productType = "com.apple.product-type.tool";
		};
/* End PBXNativeTarget section */

/* Begin PBXProject section */
		18CEC71F238EBF9A00614366 /* Project object */ = {
			isa = PBXProject;
			attributes = {
				LastSwiftUpdateCheck = 1120;
				LastUpgradeCheck = 1120;
				ORGANIZATIONNAME = "Gene De Lisa";
				TargetAttributes = {
					18CEC726238EBF9A00614366 = {
						CreatedOnToolsVersion = 11.2;
					};
				};
			};
			buildConfigurationList = 18CEC722238EBF9A00614366 /* Build configuration list for PBXProject "hms-seconds" */;
			compatibilityVersion = "Xcode 9.3";
			developmentRegion = en;
			hasScannedForEncodings = 0;
			knownRegions = (
				en,
				Base,
			);
			mainGroup = 18CEC71E238EBF9A00614366;
			packageReferences = (
				1893B853238F179C008D2B35 /* XCRemoteSwiftPackageReference "swift-tools-support-core" */,
			);
			productRefGroup = 18CEC728238EBF9A00614366 /* Products */;
			projectDirPath = "";
			projectRoot = "";
			targets = (
				18CEC726238EBF9A00614366 /* hms-seconds */,
			);
		};
/* End PBXProject section */

/* Begin PBXShellScriptBuildPhase section */
		1893B86523903349008D2B35 /* SwiftLint */ = {
			isa = PBXShellScriptBuildPhase;
			buildActionMask = 2147483647;
			files = (
			);
			inputFileListPaths = (
			);
			inputPaths = (
			);
			name = SwiftLint;
			outputFileListPaths = (
			);
			outputPaths = (
			);
			runOnlyForDeploymentPostprocessing = 0;
			shellPath = /bin/sh;
			shellScript = "swiftlint\n";
		};
/* End PBXShellScriptBuildPhase section */

/* Begin PBXSourcesBuildPhase section */
		18CEC723238EBF9A00614366 /* Sources */ = {
			isa = PBXSourcesBuildPhase;
			buildActionMask = 2147483647;
			files = (
				18CEC72B238EBF9A00614366 /* main.swift in Sources */,
				18CEC735238EC2B400614366 /* TSCArgumentParser.swift in Sources */,
				1893B86123902D20008D2B35 /* HMS2Seconds.swift in Sources */,
			);
			runOnlyForDeploymentPostprocessing = 0;
		};
/* End PBXSourcesBuildPhase section */

/* Begin XCBuildConfiguration section */
		18CEC72C238EBF9A00614366 /* Debug */ = {
			isa = XCBuildConfiguration;
			buildSettings = {
				ALWAYS_SEARCH_USER_PATHS = NO;
				CLANG_ANALYZER_NONNULL = YES;
				CLANG_ANALYZER_NUMBER_OBJECT_CONVERSION = YES_AGGRESSIVE;
				CLANG_CXX_LANGUAGE_STANDARD = "gnu++14";
				CLANG_CXX_LIBRARY = "libc++";
				CLANG_ENABLE_MODULES = YES;
				CLANG_ENABLE_OBJC_ARC = YES;
				CLANG_ENABLE_OBJC_WEAK = YES;
				CLANG_WARN_BLOCK_CAPTURE_AUTORELEASING = YES;
				CLANG_WARN_BOOL_CONVERSION = YES;
				CLANG_WARN_COMMA = YES;
				CLANG_WARN_CONSTANT_CONVERSION = YES;
				CLANG_WARN_DEPRECATED_OBJC_IMPLEMENTATIONS = YES;
				CLANG_WARN_DIRECT_OBJC_ISA_USAGE = YES_ERROR;
				CLANG_WARN_DOCUMENTATION_COMMENTS = YES;
				CLANG_WARN_EMPTY_BODY = YES;
				CLANG_WARN_ENUM_CONVERSION = YES;
				CLANG_WARN_INFINITE_RECURSION = YES;
				CLANG_WARN_INT_CONVERSION = YES;
				CLANG_WARN_NON_LITERAL_NULL_CONVERSION = YES;
				CLANG_WARN_OBJC_IMPLICIT_RETAIN_SELF = YES;
				CLANG_WARN_OBJC_LITERAL_CONVERSION = YES;
				CLANG_WARN_OBJC_ROOT_CLASS = YES_ERROR;
				CLANG_WARN_RANGE_LOOP_ANALYSIS = YES;
				CLANG_WARN_STRICT_PROTOTYPES = YES;
				CLANG_WARN_SUSPICIOUS_MOVE = YES;
				CLANG_WARN_UNGUARDED_AVAILABILITY = YES_AGGRESSIVE;
				CLANG_WARN_UNREACHABLE_CODE = YES;
				CLANG_WARN__DUPLICATE_METHOD_MATCH = YES;
				COPY_PHASE_STRIP = NO;
				DEBUG_INFORMATION_FORMAT = dwarf;
				ENABLE_STRICT_OBJC_MSGSEND = YES;
				ENABLE_TESTABILITY = YES;
				GCC_C_LANGUAGE_STANDARD = gnu11;
				GCC_DYNAMIC_NO_PIC = NO;
				GCC_NO_COMMON_BLOCKS = YES;
				GCC_OPTIMIZATION_LEVEL = 0;
				GCC_PREPROCESSOR_DEFINITIONS = (
					"DEBUG=1",
					"$(inherited)",
				);
				GCC_WARN_64_TO_32_BIT_CONVERSION = YES;
				GCC_WARN_ABOUT_RETURN_TYPE = YES_ERROR;
				GCC_WARN_UNDECLARED_SELECTOR = YES;
				GCC_WARN_UNINITIALIZED_AUTOS = YES_AGGRESSIVE;
				GCC_WARN_UNUSED_FUNCTION = YES;
				GCC_WARN_UNUSED_VARIABLE = YES;
				MACOSX_DEPLOYMENT_TARGET = 10.15;
				MTL_ENABLE_DEBUG_INFO = INCLUDE_SOURCE;
				MTL_FAST_MATH = YES;
				ONLY_ACTIVE_ARCH = YES;
				SDKROOT = macosx;
				SWIFT_ACTIVE_COMPILATION_CONDITIONS = DEBUG;
				SWIFT_OPTIMIZATION_LEVEL = "-Onone";
			};
			name = Debug;
		};
		18CEC72D238EBF9A00614366 /* Release */ = {
			isa = XCBuildConfiguration;
			buildSettings = {
				ALWAYS_SEARCH_USER_PATHS = NO;
				CLANG_ANALYZER_NONNULL = YES;
				CLANG_ANALYZER_NUMBER_OBJECT_CONVERSION = YES_AGGRESSIVE;
				CLANG_CXX_LANGUAGE_STANDARD = "gnu++14";
				CLANG_CXX_LIBRARY = "libc++";
				CLANG_ENABLE_MODULES = YES;
				CLANG_ENABLE_OBJC_ARC = YES;
				CLANG_ENABLE_OBJC_WEAK = YES;
				CLANG_WARN_BLOCK_CAPTURE_AUTORELEASING = YES;
				CLANG_WARN_BOOL_CONVERSION = YES;
				CLANG_WARN_COMMA = YES;
				CLANG_WARN_CONSTANT_CONVERSION = YES;
				CLANG_WARN_DEPRECATED_OBJC_IMPLEMENTATIONS = YES;
				CLANG_WARN_DIRECT_OBJC_ISA_USAGE = YES_ERROR;
				CLANG_WARN_DOCUMENTATION_COMMENTS = YES;
				CLANG_WARN_EMPTY_BODY = YES;
				CLANG_WARN_ENUM_CONVERSION = YES;
				CLANG_WARN_INFINITE_RECURSION = YES;
				CLANG_WARN_INT_CONVERSION = YES;
				CLANG_WARN_NON_LITERAL_NULL_CONVERSION = YES;
				CLANG_WARN_OBJC_IMPLICIT_RETAIN_SELF = YES;
				CLANG_WARN_OBJC_LITERAL_CONVERSION = YES;
				CLANG_WARN_OBJC_ROOT_CLASS = YES_ERROR;
				CLANG_WARN_RANGE_LOOP_ANALYSIS = YES;
				CLANG_WARN_STRICT_PROTOTYPES = YES;
				CLANG_WARN_SUSPICIOUS_MOVE = YES;
				CLANG_WARN_UNGUARDED_AVAILABILITY = YES_AGGRESSIVE;
				CLANG_WARN_UNREACHABLE_CODE = YES;
				CLANG_WARN__DUPLICATE_METHOD_MATCH = YES;
				COPY_PHASE_STRIP = NO;
				DEBUG_INFORMATION_FORMAT = "dwarf-with-dsym";
				ENABLE_NS_ASSERTIONS = NO;
				ENABLE_STRICT_OBJC_MSGSEND = YES;
				GCC_C_LANGUAGE_STANDARD = gnu11;
				GCC_NO_COMMON_BLOCKS = YES;
				GCC_WARN_64_TO_32_BIT_CONVERSION = YES;
				GCC_WARN_ABOUT_RETURN_TYPE = YES_ERROR;
				GCC_WARN_UNDECLARED_SELECTOR = YES;
				GCC_WARN_UNINITIALIZED_AUTOS = YES_AGGRESSIVE;
				GCC_WARN_UNUSED_FUNCTION = YES;
				GCC_WARN_UNUSED_VARIABLE = YES;
				MACOSX_DEPLOYMENT_TARGET = 10.15;
				MTL_ENABLE_DEBUG_INFO = NO;
				MTL_FAST_MATH = YES;
				SDKROOT = macosx;
				SWIFT_COMPILATION_MODE = wholemodule;
				SWIFT_OPTIMIZATION_LEVEL = "-O";
			};
			name = Release;
		};
		18CEC72F238EBF9A00614366 /* Debug */ = {
			isa = XCBuildConfiguration;
			buildSettings = {
				CODE_SIGN_STYLE = Automatic;
				DEVELOPMENT_TEAM = 4UDK2944TW;
				ENABLE_HARDENED_RUNTIME = YES;
				PRODUCT_NAME = "$(TARGET_NAME)";
				SWIFT_VERSION = 5.0;
			};
			name = Debug;
		};
		18CEC730238EBF9A00614366 /* Release */ = {
			isa = XCBuildConfiguration;
			buildSettings = {
				CODE_SIGN_STYLE = Automatic;
				DEVELOPMENT_TEAM = 4UDK2944TW;
				ENABLE_HARDENED_RUNTIME = YES;
				PRODUCT_NAME = "$(TARGET_NAME)";
				SWIFT_VERSION = 5.0;
			};
			name = Release;
		};
/* End XCBuildConfiguration section */

/* Begin XCConfigurationList section */
		18CEC722238EBF9A00614366 /* Build configuration list for PBXProject "hms-seconds" */ = {
			isa = XCConfigurationList;
			buildConfigurations = (
				18CEC72C238EBF9A00614366 /* Debug */,
				18CEC72D238EBF9A00614366 /* Release */,
			);
			defaultConfigurationIsVisible = 0;
			defaultConfigurationName = Release;
		};
		18CEC72E238EBF9A00614366 /* Build configuration list for PBXNativeTarget "hms-seconds" */ = {
			isa = XCConfigurationList;
			buildConfigurations = (
				18CEC72F238EBF9A00614366 /* Debug */,
				18CEC730238EBF9A00614366 /* Release */,
			);
			defaultConfigurationIsVisible = 0;
			defaultConfigurationName = Release;
		};
/* End XCConfigurationList section */

/* Begin XCRemoteSwiftPackageReference section */
		1893B853238F179C008D2B35 /* XCRemoteSwiftPackageReference "swift-tools-support-core" */ = {
			isa = XCRemoteSwiftPackageReference;
			repositoryURL = "https://github.com/apple/swift-tools-support-core.git";
			requirement = {
				kind = upToNextMajorVersion;
				minimumVersion = 0.0.1;
			};
		};
/* End XCRemoteSwiftPackageReference section */

/* Begin XCSwiftPackageProductDependency section */
		1893B854238F179C008D2B35 /* SwiftToolsSupport-auto */ = {
			isa = XCSwiftPackageProductDependency;
			package = 1893B853238F179C008D2B35 /* XCRemoteSwiftPackageReference "swift-tools-support-core" */;
			productName = "SwiftToolsSupport-auto";
		};
/* End XCSwiftPackageProductDependency section */
	};
	rootObject = 18CEC71F238EBF9A00614366 /* Project object */;
}
